<?xml version="1.0" encoding="utf-8"?>
<Project ToolsVersion="4.0" xmlns="http://schemas.microsoft.com/developer/msbuild/2003">
  <ItemGroup>
    <Filter Include="Source Files">
      <UniqueIdentifier>{4FC737F1-C7A5-4376-A066-2A32D752A2FF}</UniqueIdentifier>
      <Extensions>cpp;c;cc;cxx;def;odl;idl;hpj;bat;asm;asmx</Extensions>
    </Filter>
    <Filter Include="Header Files">
      <UniqueIdentifier>{93995380-89BD-4b04-88EB-625FBE52EBFB}</UniqueIdentifier>
      <Extensions>h;hpp;hxx;hm;inl;inc;xsd</Extensions>
    </Filter>
    <Filter Include="Resource Files">
      <UniqueIdentifier>{67DA6AB6-F800-4c08-8B7A-83BB121AAD01}</UniqueIdentifier>
      <Extensions>rc;ico;cur;bmp;dlg;rc2;rct;bin;rgs;gif;jpg;jpeg;jpe;resx;tiff;tif;png;wav;mfcribbon-ms</Extensions>
    </Filter>
  </ItemGroup>
  <ItemGroup>
    <ClCompile Include="SRC\main.cpp">
      <Filter>Source Files</Filter>
    </ClCompile>
    <ClCompile Include="SRC\CGame.cpp">
      <Filter>Source Files</Filter>
    </ClCompile>
    <ClCompile Include="SRC\CGameManager.cpp">
      <Filter>Source Files</Filter>
    </ClCompile>
    <ClCompile Include="SRC\CMapManager.cpp">
      <Filter>Source Files</Filter>
    </ClCompile>
    <ClCompile Include="SRC\CPlayer.cpp">
      <Filter>Source Files</Filter>
    </ClCompile>
    <ClCompile Include="SRC\CResourceManager.cpp">
      <Filter>Source Files</Filter>
    </ClCompile>
    <ClCompile Include="SRC\CEnemyGhost.cpp">
      <Filter>Source Files</Filter>
    </ClCompile>
    <ClCompile Include="SRC\CMainMenu.cpp">
      <Filter>Source Files</Filter>
    </ClCompile>
    <ClCompile Include="SRC\CHighScoresMenu.cpp">
      <Filter>Source Files</Filter>
    </ClCompile>
    <ClCompile Include="SRC\CClient.cpp">
      <Filter>Source Files</Filter>
    </ClCompile>
    <ClCompile Include="SRC\CLobby.cpp">
      <Filter>Source Files</Filter>
    </ClCompile>
    <ClCompile Include="SRC\COtherPlayer.cpp">
      <Filter>Source Files</Filter>
    </ClCompile>
  </ItemGroup>
  <ItemGroup>
    <ClInclude Include="SRC\CGame.h">
      <Filter>Header Files</Filter>
    </ClInclude>
    <ClInclude Include="SRC\CGameManager.h">
      <Filter>Header Files</Filter>
    </ClInclude>
    <ClInclude Include="SRC\CMapManager.h">
      <Filter>Header Files</Filter>
    </ClInclude>
    <ClInclude Include="SRC\CPlayer.h">
      <Filter>Header Files</Filter>
    </ClInclude>
    <ClInclude Include="SRC\CResourceManager.h">
      <Filter>Header Files</Filter>
    </ClInclude>
    <ClInclude Include="SRC\CScreen.h">
      <Filter>Header Files</Filter>
    </ClInclude>
    <ClInclude Include="SRC\headers.h">
      <Filter>Header Files</Filter>
    </ClInclude>
    <ClInclude Include="SRC\CEnemyGhost.h">
      <Filter>Header Files</Filter>
    </ClInclude>
    <ClInclude Include="SRC\CMainMenu.h">
      <Filter>Header Files</Filter>
    </ClInclude>
    <ClInclude Include="SRC\CHighScoresMenu.h">
      <Filter>Header Files</Filter>
    </ClInclude>
    <ClInclude Include="SRC\CClient.h">
      <Filter>Header Files</Filter>
    </ClInclude>
    <ClInclude Include="SRC\CLobby.h">
      <Filter>Header Files</Filter>
    </ClInclude>
    <ClInclude Include="SRC\TSingleton.h">
      <Filter>Header Files</Filter>
    </ClInclude>
    <ClInclude Include="SRC\COtherPlayer.h">
      <Filter>Header Files</Filter>
    </ClInclude>
  </ItemGroup>
</Project>